
Microsoft Visual Studio Solution File, Format Version 12.00
# Visual Studio Version 17
VisualStudioVersion = 17.11.35312.102
MinimumVisualStudioVersion = 10.0.40219.1
Project("{2150E333-8FDC-42A3-9474-1A3956D46DE8}") = "Task0", "Task0", "{016DEB32-4B5B-498F-B67B-23A12969BD7D}"
EndProject
Project("{FAE04EC0-301F-11D3-BF4B-00C04F79EFBC}") = "Tyuiu.ShmelevAV.Sprint5.Task0.V20", "Tyuiu.ShmelevAV.Sprint5.Task0.V20\Tyuiu.ShmelevAV.Sprint5.Task0.V20.csproj", "{432D59FC-DC01-4028-8F76-28288595F491}"
EndProject
Project("{FAE04EC0-301F-11D3-BF4B-00C04F79EFBC}") = "Tyuiu.ShmelevAV.Sprint5.Task0.V20.Lib", "Tyuiu.ShmelevAV.Sprint5.Task0.V20.Lib\Tyuiu.ShmelevAV.Sprint5.Task0.V20.Lib.csproj", "{2E365105-A3CB-4D6E-8C8F-23CFC5BB4579}"
EndProject
Project("{FAE04EC0-301F-11D3-BF4B-00C04F79EFBC}") = "Tyuiu.ShmelevAV.Sprint5.Task0.V20.Test", "Tyuiu.ShmelevAV.Sprint5.Task0.V20.Test\Tyuiu.ShmelevAV.Sprint5.Task0.V20.Test.csproj", "{178D3781-49F3-4FCB-8E89-8E25FA3408B4}"
EndProject
Project("{2150E333-8FDC-42A3-9474-1A3956D46DE8}") = "Task1", "Task1", "{F011C71A-6D57-4757-BB7A-A61A5F785DFA}"
EndProject
Project("{FAE04EC0-301F-11D3-BF4B-00C04F79EFBC}") = "Tyuiu.ShmelevAV.Sprint5.Task1.V6", "Tyuiu.ShmelevAV.Sprint5.Task1.V6\Tyuiu.ShmelevAV.Sprint5.Task1.V6.csproj", "{E88BD789-FB30-4CE4-A1A7-8CE295266EFF}"
EndProject
Project("{FAE04EC0-301F-11D3-BF4B-00C04F79EFBC}") = "Tyuiu.ShmelevAV.Sprint5.Task1.V6.Lib", "Tyuiu.ShmelevAV.Sprint5.Task1.V6.Lib\Tyuiu.ShmelevAV.Sprint5.Task1.V6.Lib.csproj", "{83F6A93B-A4C9-405E-8EF8-698E1A7D4B54}"
EndProject
Project("{FAE04EC0-301F-11D3-BF4B-00C04F79EFBC}") = "Tyuiu.ShmelevAV.Sprint5.Task1.V6.Test", "Tyuiu.ShmelevAV.Sprint5.Task1.V6.Test\Tyuiu.ShmelevAV.Sprint5.Task1.V6.Test.csproj", "{8222D692-59CF-4E67-87FC-FF325FEE1BEB}"
EndProject
Project("{2150E333-8FDC-42A3-9474-1A3956D46DE8}") = "Task2", "Task2", "{E237FB04-D7A8-491F-ACF3-0A1771570577}"
EndProject
Project("{FAE04EC0-301F-11D3-BF4B-00C04F79EFBC}") = "Tyuiu.ShmelevAV.Sprint5.Task2.V15", "Tyuiu.ShmelevAV.Sprint5.Task2.V15\Tyuiu.ShmelevAV.Sprint5.Task2.V15.csproj", "{D71C3871-D6AA-4395-B70E-0623E61E1FB9}"
EndProject
Project("{FAE04EC0-301F-11D3-BF4B-00C04F79EFBC}") = "Tyuiu.ShmelevAV.Sprint5.Task2.V15.Lib", "Tyuiu.ShmelevAV.Sprint5.Task2.V15.Lib\Tyuiu.ShmelevAV.Sprint5.Task2.V15.Lib.csproj", "{4FA34BF8-59A5-48CC-9FB0-D1B00FDC654D}"
EndProject
Project("{FAE04EC0-301F-11D3-BF4B-00C04F79EFBC}") = "Tyuiu.ShmelevAV.Sprint5.Task2.V15.Test", "Tyuiu.ShmelevAV.Sprint5.Task2.V15.Test\Tyuiu.ShmelevAV.Sprint5.Task2.V15.Test.csproj", "{B2E89022-D059-4468-A75D-C2948472CAA8}"
EndProject
Global
	GlobalSection(SolutionConfigurationPlatforms) = preSolution
		Debug|Any CPU = Debug|Any CPU
		Release|Any CPU = Release|Any CPU
	EndGlobalSection
	GlobalSection(ProjectConfigurationPlatforms) = postSolution
		{432D59FC-DC01-4028-8F76-28288595F491}.Debug|Any CPU.ActiveCfg = Debug|Any CPU
		{432D59FC-DC01-4028-8F76-28288595F491}.Debug|Any CPU.Build.0 = Debug|Any CPU
		{432D59FC-DC01-4028-8F76-28288595F491}.Release|Any CPU.ActiveCfg = Release|Any CPU
		{432D59FC-DC01-4028-8F76-28288595F491}.Release|Any CPU.Build.0 = Release|Any CPU
		{2E365105-A3CB-4D6E-8C8F-23CFC5BB4579}.Debug|Any CPU.ActiveCfg = Debug|Any CPU
		{2E365105-A3CB-4D6E-8C8F-23CFC5BB4579}.Debug|Any CPU.Build.0 = Debug|Any CPU
		{2E365105-A3CB-4D6E-8C8F-23CFC5BB4579}.Release|Any CPU.ActiveCfg = Release|Any CPU
		{2E365105-A3CB-4D6E-8C8F-23CFC5BB4579}.Release|Any CPU.Build.0 = Release|Any CPU
		{178D3781-49F3-4FCB-8E89-8E25FA3408B4}.Debug|Any CPU.ActiveCfg = Debug|Any CPU
		{178D3781-49F3-4FCB-8E89-8E25FA3408B4}.Debug|Any CPU.Build.0 = Debug|Any CPU
		{178D3781-49F3-4FCB-8E89-8E25FA3408B4}.Release|Any CPU.ActiveCfg = Release|Any CPU
		{178D3781-49F3-4FCB-8E89-8E25FA3408B4}.Release|Any CPU.Build.0 = Release|Any CPU
		{E88BD789-FB30-4CE4-A1A7-8CE295266EFF}.Debug|Any CPU.ActiveCfg = Debug|Any CPU
		{E88BD789-FB30-4CE4-A1A7-8CE295266EFF}.Debug|Any CPU.Build.0 = Debug|Any CPU
		{E88BD789-FB30-4CE4-A1A7-8CE295266EFF}.Release|Any CPU.ActiveCfg = Release|Any CPU
		{E88BD789-FB30-4CE4-A1A7-8CE295266EFF}.Release|Any CPU.Build.0 = Release|Any CPU
		{83F6A93B-A4C9-405E-8EF8-698E1A7D4B54}.Debug|Any CPU.ActiveCfg = Debug|Any CPU
		{83F6A93B-A4C9-405E-8EF8-698E1A7D4B54}.Debug|Any CPU.Build.0 = Debug|Any CPU
		{83F6A93B-A4C9-405E-8EF8-698E1A7D4B54}.Release|Any CPU.ActiveCfg = Release|Any CPU
		{83F6A93B-A4C9-405E-8EF8-698E1A7D4B54}.Release|Any CPU.Build.0 = Release|Any CPU
		{8222D692-59CF-4E67-87FC-FF325FEE1BEB}.Debug|Any CPU.ActiveCfg = Debug|Any CPU
		{8222D692-59CF-4E67-87FC-FF325FEE1BEB}.Debug|Any CPU.Build.0 = Debug|Any CPU
		{8222D692-59CF-4E67-87FC-FF325FEE1BEB}.Release|Any CPU.ActiveCfg = Release|Any CPU
		{8222D692-59CF-4E67-87FC-FF325FEE1BEB}.Release|Any CPU.Build.0 = Release|Any CPU
		{D71C3871-D6AA-4395-B70E-0623E61E1FB9}.Debug|Any CPU.ActiveCfg = Debug|Any CPU
		{D71C3871-D6AA-4395-B70E-0623E61E1FB9}.Debug|Any CPU.Build.0 = Debug|Any CPU
		{D71C3871-D6AA-4395-B70E-0623E61E1FB9}.Release|Any CPU.ActiveCfg = Release|Any CPU
		{D71C3871-D6AA-4395-B70E-0623E61E1FB9}.Release|Any CPU.Build.0 = Release|Any CPU
		{4FA34BF8-59A5-48CC-9FB0-D1B00FDC654D}.Debug|Any CPU.ActiveCfg = Debug|Any CPU
		{4FA34BF8-59A5-48CC-9FB0-D1B00FDC654D}.Debug|Any CPU.Build.0 = Debug|Any CPU
		{4FA34BF8-59A5-48CC-9FB0-D1B00FDC654D}.Release|Any CPU.ActiveCfg = Release|Any CPU
		{4FA34BF8-59A5-48CC-9FB0-D1B00FDC654D}.Release|Any CPU.Build.0 = Release|Any CPU
		{B2E89022-D059-4468-A75D-C2948472CAA8}.Debug|Any CPU.ActiveCfg = Debug|Any CPU
		{B2E89022-D059-4468-A75D-C2948472CAA8}.Debug|Any CPU.Build.0 = Debug|Any CPU
		{B2E89022-D059-4468-A75D-C2948472CAA8}.Release|Any CPU.ActiveCfg = Release|Any CPU
		{B2E89022-D059-4468-A75D-C2948472CAA8}.Release|Any CPU.Build.0 = Release|Any CPU
	EndGlobalSection
	GlobalSection(SolutionProperties) = preSolution
		HideSolutionNode = FALSE
	EndGlobalSection
	GlobalSection(NestedProjects) = preSolution
		{432D59FC-DC01-4028-8F76-28288595F491} = {016DEB32-4B5B-498F-B67B-23A12969BD7D}
		{2E365105-A3CB-4D6E-8C8F-23CFC5BB4579} = {016DEB32-4B5B-498F-B67B-23A12969BD7D}
		{178D3781-49F3-4FCB-8E89-8E25FA3408B4} = {016DEB32-4B5B-498F-B67B-23A12969BD7D}
		{E88BD789-FB30-4CE4-A1A7-8CE295266EFF} = {F011C71A-6D57-4757-BB7A-A61A5F785DFA}
		{83F6A93B-A4C9-405E-8EF8-698E1A7D4B54} = {F011C71A-6D57-4757-BB7A-A61A5F785DFA}
		{8222D692-59CF-4E67-87FC-FF325FEE1BEB} = {F011C71A-6D57-4757-BB7A-A61A5F785DFA}
		{D71C3871-D6AA-4395-B70E-0623E61E1FB9} = {E237FB04-D7A8-491F-ACF3-0A1771570577}
		{4FA34BF8-59A5-48CC-9FB0-D1B00FDC654D} = {E237FB04-D7A8-491F-ACF3-0A1771570577}
		{B2E89022-D059-4468-A75D-C2948472CAA8} = {E237FB04-D7A8-491F-ACF3-0A1771570577}
	EndGlobalSection
	GlobalSection(ExtensibilityGlobals) = postSolution
		SolutionGuid = {E85790D7-8245-4498-831E-C4396DC43F9C}
	EndGlobalSection
EndGlobal
