
Microsoft Visual Studio Solution File, Format Version 12.00
# Visual Studio Version 17
VisualStudioVersion = 17.11.35312.102
MinimumVisualStudioVersion = 10.0.40219.1
Project("{2150E333-8FDC-42A3-9474-1A3956D46DE8}") = "Task0", "Task0", "{016DEB32-4B5B-498F-B67B-23A12969BD7D}"
EndProject
Project("{9A19103F-16F7-4668-BE54-9A1E7A4F7556}") = "Tyuiu.ShmelevAV.Sprint5.Task0.V20", "Tyuiu.ShmelevAV.Sprint5.Task0.V20\Tyuiu.ShmelevAV.Sprint5.Task0.V20.csproj", "{432D59FC-DC01-4028-8F76-28288595F491}"
EndProject
Project("{9A19103F-16F7-4668-BE54-9A1E7A4F7556}") = "Tyuiu.ShmelevAV.Sprint5.Task0.V20.Lib", "Tyuiu.ShmelevAV.Sprint5.Task0.V20.Lib\Tyuiu.ShmelevAV.Sprint5.Task0.V20.Lib.csproj", "{2E365105-A3CB-4D6E-8C8F-23CFC5BB4579}"
EndProject
Project("{9A19103F-16F7-4668-BE54-9A1E7A4F7556}") = "Tyuiu.ShmelevAV.Sprint5.Task0.V20.Test", "Tyuiu.ShmelevAV.Sprint5.Task0.V20.Test\Tyuiu.ShmelevAV.Sprint5.Task0.V20.Test.csproj", "{178D3781-49F3-4FCB-8E89-8E25FA3408B4}"
EndProject
Project("{2150E333-8FDC-42A3-9474-1A3956D46DE8}") = "Task1", "Task1", "{F011C71A-6D57-4757-BB7A-A61A5F785DFA}"
EndProject
Project("{9A19103F-16F7-4668-BE54-9A1E7A4F7556}") = "Tyuiu.ShmelevAV.Sprint5.Task1.V6", "Tyuiu.ShmelevAV.Sprint5.Task1.V6\Tyuiu.ShmelevAV.Sprint5.Task1.V6.csproj", "{E88BD789-FB30-4CE4-A1A7-8CE295266EFF}"
EndProject
Project("{9A19103F-16F7-4668-BE54-9A1E7A4F7556}") = "Tyuiu.ShmelevAV.Sprint5.Task1.V6.Lib", "Tyuiu.ShmelevAV.Sprint5.Task1.V6.Lib\Tyuiu.ShmelevAV.Sprint5.Task1.V6.Lib.csproj", "{83F6A93B-A4C9-405E-8EF8-698E1A7D4B54}"
EndProject
Project("{9A19103F-16F7-4668-BE54-9A1E7A4F7556}") = "Tyuiu.ShmelevAV.Sprint5.Task1.V6.Test", "Tyuiu.ShmelevAV.Sprint5.Task1.V6.Test\Tyuiu.ShmelevAV.Sprint5.Task1.V6.Test.csproj", "{8222D692-59CF-4E67-87FC-FF325FEE1BEB}"
EndProject
Project("{2150E333-8FDC-42A3-9474-1A3956D46DE8}") = "Task2", "Task2", "{E237FB04-D7A8-491F-ACF3-0A1771570577}"
EndProject
Project("{9A19103F-16F7-4668-BE54-9A1E7A4F7556}") = "Tyuiu.ShmelevAV.Sprint5.Task2.V15", "Tyuiu.ShmelevAV.Sprint5.Task2.V15\Tyuiu.ShmelevAV.Sprint5.Task2.V15.csproj", "{D71C3871-D6AA-4395-B70E-0623E61E1FB9}"
EndProject
Project("{9A19103F-16F7-4668-BE54-9A1E7A4F7556}") = "Tyuiu.ShmelevAV.Sprint5.Task2.V15.Lib", "Tyuiu.ShmelevAV.Sprint5.Task2.V15.Lib\Tyuiu.ShmelevAV.Sprint5.Task2.V15.Lib.csproj", "{4FA34BF8-59A5-48CC-9FB0-D1B00FDC654D}"
EndProject
Project("{9A19103F-16F7-4668-BE54-9A1E7A4F7556}") = "Tyuiu.ShmelevAV.Sprint5.Task2.V15.Test", "Tyuiu.ShmelevAV.Sprint5.Task2.V15.Test\Tyuiu.ShmelevAV.Sprint5.Task2.V15.Test.csproj", "{B2E89022-D059-4468-A75D-C2948472CAA8}"
EndProject
Project("{2150E333-8FDC-42A3-9474-1A3956D46DE8}") = "Task3", "Task3", "{191B5384-D247-4B3E-817A-60CD07872CF1}"
EndProject
Project("{9A19103F-16F7-4668-BE54-9A1E7A4F7556}") = "Tyuiu.ShmelevAV.Sprint5.Task3.V28", "Tyuiu.ShmelevAV.Sprint5.Task3.V28\Tyuiu.ShmelevAV.Sprint5.Task3.V28.csproj", "{165BAE84-18FD-406D-AC80-84A22B17225E}"
EndProject
Project("{9A19103F-16F7-4668-BE54-9A1E7A4F7556}") = "Tyuiu.ShmelevAV.Sprint5.Task3.V28.Lib", "Tyuiu.ShmelevAV.Sprint5.Task3.V28.Lib\Tyuiu.ShmelevAV.Sprint5.Task3.V28.Lib.csproj", "{ACE7EBCA-60B6-4BC5-B98F-EDDC760936BB}"
EndProject
Project("{9A19103F-16F7-4668-BE54-9A1E7A4F7556}") = "Tyuiu.ShmelevAV.Sprint5.Task3.V28.Test", "Tyuiu.ShmelevAV.Sprint5.Task3.V28.Test\Tyuiu.ShmelevAV.Sprint5.Task3.V28.Test.csproj", "{DE247D1B-5778-46CE-A280-E04D26782E56}"
EndProject
Project("{2150E333-8FDC-42A3-9474-1A3956D46DE8}") = "Task4", "Task4", "{6191740E-71A8-4C56-ACCE-6E3C48B010BE}"
EndProject
Project("{9A19103F-16F7-4668-BE54-9A1E7A4F7556}") = "Tyuiu.ShmelevAV.Sprint5.Task4.V14", "Tyuiu.ShmelevAV.Sprint5.Task4.V14\Tyuiu.ShmelevAV.Sprint5.Task4.V14.csproj", "{F3EBEF9E-DDAE-4BAE-A598-019EC08B7E14}"
EndProject
Project("{9A19103F-16F7-4668-BE54-9A1E7A4F7556}") = "Tyuiu.ShmelevAV.Sprint5.Task4.V14.Lib", "Tyuiu.ShmelevAV.Sprint5.Task4.V14.Lib\Tyuiu.ShmelevAV.Sprint5.Task4.V14.Lib.csproj", "{E9DB0EE9-0513-442D-9CCA-CBAC8AF55151}"
EndProject
Project("{9A19103F-16F7-4668-BE54-9A1E7A4F7556}") = "Tyuiu.ShmelevAV.Sprint5.Task4.V14.Test", "Tyuiu.ShmelevAV.Sprint5.Task4.V14.Test\Tyuiu.ShmelevAV.Sprint5.Task4.V14.Test.csproj", "{C114B2F4-86DB-45F1-8FF3-6DFB1BDE1C3F}"
EndProject
Project("{2150E333-8FDC-42A3-9474-1A3956D46DE8}") = "Task5", "Task5", "{C6643853-4048-42F8-A717-C198647DC8FB}"
EndProject
Project("{FAE04EC0-301F-11D3-BF4B-00C04F79EFBC}") = "Tyuiu.ShmelevAV.Sprint5.Task5.V18", "Tyuiu.ShmelevAV.Sprint5.Task5.V18\Tyuiu.ShmelevAV.Sprint5.Task5.V18.csproj", "{F488A017-27BC-451A-B114-F6F68C2E067D}"
EndProject
Project("{FAE04EC0-301F-11D3-BF4B-00C04F79EFBC}") = "Tyuiu.ShmelevAV.Sprint5.Task5.V18.Lib", "Tyuiu.ShmelevAV.Sprint5.Task5.V18.Lib\Tyuiu.ShmelevAV.Sprint5.Task5.V18.Lib.csproj", "{90257944-969E-41DF-877E-E8DCA2C02CB3}"
EndProject
Project("{FAE04EC0-301F-11D3-BF4B-00C04F79EFBC}") = "Tyuiu.ShmelevAV.Sprint5.Task5.V18.Test", "Tyuiu.ShmelevAV.Sprint5.Task5.V18.Test\Tyuiu.ShmelevAV.Sprint5.Task5.V18.Test.csproj", "{31D26FD7-680E-4EF0-847F-E3275DA1F9B6}"
EndProject
Project("{2150E333-8FDC-42A3-9474-1A3956D46DE8}") = "Task6", "Task6", "{1A382ED6-1065-47D5-90B8-3C68A3FAECAC}"
EndProject
Project("{FAE04EC0-301F-11D3-BF4B-00C04F79EFBC}") = "Tyuiu.ShmelevAV.Sprint5.Task6.V2", "Tyuiu.ShmelevAV.Sprint5.Task6.V2\Tyuiu.ShmelevAV.Sprint5.Task6.V2.csproj", "{ECAAE1F8-E650-44CB-9794-8F4125A61699}"
EndProject
Project("{FAE04EC0-301F-11D3-BF4B-00C04F79EFBC}") = "Tyuiu.ShmelevAV.Sprint5.Task6.V2.Lib", "Tyuiu.ShmelevAV.Sprint5.Task6.V2.Lib\Tyuiu.ShmelevAV.Sprint5.Task6.V2.Lib.csproj", "{4D346C66-18EE-4CFC-8958-93EF505451E1}"
EndProject
Project("{FAE04EC0-301F-11D3-BF4B-00C04F79EFBC}") = "Tyuiu.ShmelevAV.Sprint5.Task6.V2.Test", "Tyuiu.ShmelevAV.Sprint5.Task6.V2.Test\Tyuiu.ShmelevAV.Sprint5.Task6.V2.Test.csproj", "{D4530C18-C987-4B4F-9012-713A68006DF8}"
EndProject
Project("{2150E333-8FDC-42A3-9474-1A3956D46DE8}") = "Task7", "Task7", "{B987CCB1-1B72-429D-9357-E6ABFB7FB3A5}"
EndProject
Project("{FAE04EC0-301F-11D3-BF4B-00C04F79EFBC}") = "Tyuiu.ShmelevAV.Sprint5.Task7.V24", "Tyuiu.ShmelevAV.Sprint5.Task7.V24\Tyuiu.ShmelevAV.Sprint5.Task7.V24.csproj", "{21AADEF0-35D0-49D5-B455-F59C2E505AA0}"
EndProject
Project("{FAE04EC0-301F-11D3-BF4B-00C04F79EFBC}") = "Tyuiu.ShmelevAV.Sprint5.Task7.V24.Lib", "Tyuiu.ShmelevAV.Sprint5.Task7.V24.Lib\Tyuiu.ShmelevAV.Sprint5.Task7.V24.Lib.csproj", "{44724474-3106-4141-844D-0BEA08996611}"
EndProject
Project("{FAE04EC0-301F-11D3-BF4B-00C04F79EFBC}") = "Tyuiu.ShmelevAV.Sprint5.Task7.V24.Test", "Tyuiu.ShmelevAV.Sprint5.Task7.V24.Test\Tyuiu.ShmelevAV.Sprint5.Task7.V24.Test.csproj", "{5492AC5E-4DFD-4FFD-AB97-340AF81EDE3A}"
EndProject
Global
	GlobalSection(SolutionConfigurationPlatforms) = preSolution
		Debug|Any CPU = Debug|Any CPU
		Release|Any CPU = Release|Any CPU
	EndGlobalSection
	GlobalSection(ProjectConfigurationPlatforms) = postSolution
		{432D59FC-DC01-4028-8F76-28288595F491}.Debug|Any CPU.ActiveCfg = Debug|Any CPU
		{432D59FC-DC01-4028-8F76-28288595F491}.Debug|Any CPU.Build.0 = Debug|Any CPU
		{432D59FC-DC01-4028-8F76-28288595F491}.Release|Any CPU.ActiveCfg = Release|Any CPU
		{432D59FC-DC01-4028-8F76-28288595F491}.Release|Any CPU.Build.0 = Release|Any CPU
		{2E365105-A3CB-4D6E-8C8F-23CFC5BB4579}.Debug|Any CPU.ActiveCfg = Debug|Any CPU
		{2E365105-A3CB-4D6E-8C8F-23CFC5BB4579}.Debug|Any CPU.Build.0 = Debug|Any CPU
		{2E365105-A3CB-4D6E-8C8F-23CFC5BB4579}.Release|Any CPU.ActiveCfg = Release|Any CPU
		{2E365105-A3CB-4D6E-8C8F-23CFC5BB4579}.Release|Any CPU.Build.0 = Release|Any CPU
		{178D3781-49F3-4FCB-8E89-8E25FA3408B4}.Debug|Any CPU.ActiveCfg = Debug|Any CPU
		{178D3781-49F3-4FCB-8E89-8E25FA3408B4}.Debug|Any CPU.Build.0 = Debug|Any CPU
		{178D3781-49F3-4FCB-8E89-8E25FA3408B4}.Release|Any CPU.ActiveCfg = Release|Any CPU
		{178D3781-49F3-4FCB-8E89-8E25FA3408B4}.Release|Any CPU.Build.0 = Release|Any CPU
		{E88BD789-FB30-4CE4-A1A7-8CE295266EFF}.Debug|Any CPU.ActiveCfg = Debug|Any CPU
		{E88BD789-FB30-4CE4-A1A7-8CE295266EFF}.Debug|Any CPU.Build.0 = Debug|Any CPU
		{E88BD789-FB30-4CE4-A1A7-8CE295266EFF}.Release|Any CPU.ActiveCfg = Release|Any CPU
		{E88BD789-FB30-4CE4-A1A7-8CE295266EFF}.Release|Any CPU.Build.0 = Release|Any CPU
		{83F6A93B-A4C9-405E-8EF8-698E1A7D4B54}.Debug|Any CPU.ActiveCfg = Debug|Any CPU
		{83F6A93B-A4C9-405E-8EF8-698E1A7D4B54}.Debug|Any CPU.Build.0 = Debug|Any CPU
		{83F6A93B-A4C9-405E-8EF8-698E1A7D4B54}.Release|Any CPU.ActiveCfg = Release|Any CPU
		{83F6A93B-A4C9-405E-8EF8-698E1A7D4B54}.Release|Any CPU.Build.0 = Release|Any CPU
		{8222D692-59CF-4E67-87FC-FF325FEE1BEB}.Debug|Any CPU.ActiveCfg = Debug|Any CPU
		{8222D692-59CF-4E67-87FC-FF325FEE1BEB}.Debug|Any CPU.Build.0 = Debug|Any CPU
		{8222D692-59CF-4E67-87FC-FF325FEE1BEB}.Release|Any CPU.ActiveCfg = Release|Any CPU
		{8222D692-59CF-4E67-87FC-FF325FEE1BEB}.Release|Any CPU.Build.0 = Release|Any CPU
		{D71C3871-D6AA-4395-B70E-0623E61E1FB9}.Debug|Any CPU.ActiveCfg = Debug|Any CPU
		{D71C3871-D6AA-4395-B70E-0623E61E1FB9}.Debug|Any CPU.Build.0 = Debug|Any CPU
		{D71C3871-D6AA-4395-B70E-0623E61E1FB9}.Release|Any CPU.ActiveCfg = Release|Any CPU
		{D71C3871-D6AA-4395-B70E-0623E61E1FB9}.Release|Any CPU.Build.0 = Release|Any CPU
		{4FA34BF8-59A5-48CC-9FB0-D1B00FDC654D}.Debug|Any CPU.ActiveCfg = Debug|Any CPU
		{4FA34BF8-59A5-48CC-9FB0-D1B00FDC654D}.Debug|Any CPU.Build.0 = Debug|Any CPU
		{4FA34BF8-59A5-48CC-9FB0-D1B00FDC654D}.Release|Any CPU.ActiveCfg = Release|Any CPU
		{4FA34BF8-59A5-48CC-9FB0-D1B00FDC654D}.Release|Any CPU.Build.0 = Release|Any CPU
		{B2E89022-D059-4468-A75D-C2948472CAA8}.Debug|Any CPU.ActiveCfg = Debug|Any CPU
		{B2E89022-D059-4468-A75D-C2948472CAA8}.Debug|Any CPU.Build.0 = Debug|Any CPU
		{B2E89022-D059-4468-A75D-C2948472CAA8}.Release|Any CPU.ActiveCfg = Release|Any CPU
		{B2E89022-D059-4468-A75D-C2948472CAA8}.Release|Any CPU.Build.0 = Release|Any CPU
		{165BAE84-18FD-406D-AC80-84A22B17225E}.Debug|Any CPU.ActiveCfg = Debug|Any CPU
		{165BAE84-18FD-406D-AC80-84A22B17225E}.Debug|Any CPU.Build.0 = Debug|Any CPU
		{165BAE84-18FD-406D-AC80-84A22B17225E}.Release|Any CPU.ActiveCfg = Release|Any CPU
		{165BAE84-18FD-406D-AC80-84A22B17225E}.Release|Any CPU.Build.0 = Release|Any CPU
		{ACE7EBCA-60B6-4BC5-B98F-EDDC760936BB}.Debug|Any CPU.ActiveCfg = Debug|Any CPU
		{ACE7EBCA-60B6-4BC5-B98F-EDDC760936BB}.Debug|Any CPU.Build.0 = Debug|Any CPU
		{ACE7EBCA-60B6-4BC5-B98F-EDDC760936BB}.Release|Any CPU.ActiveCfg = Release|Any CPU
		{ACE7EBCA-60B6-4BC5-B98F-EDDC760936BB}.Release|Any CPU.Build.0 = Release|Any CPU
		{DE247D1B-5778-46CE-A280-E04D26782E56}.Debug|Any CPU.ActiveCfg = Debug|Any CPU
		{DE247D1B-5778-46CE-A280-E04D26782E56}.Debug|Any CPU.Build.0 = Debug|Any CPU
		{DE247D1B-5778-46CE-A280-E04D26782E56}.Release|Any CPU.ActiveCfg = Release|Any CPU
		{DE247D1B-5778-46CE-A280-E04D26782E56}.Release|Any CPU.Build.0 = Release|Any CPU
		{F3EBEF9E-DDAE-4BAE-A598-019EC08B7E14}.Debug|Any CPU.ActiveCfg = Debug|Any CPU
		{F3EBEF9E-DDAE-4BAE-A598-019EC08B7E14}.Debug|Any CPU.Build.0 = Debug|Any CPU
		{F3EBEF9E-DDAE-4BAE-A598-019EC08B7E14}.Release|Any CPU.ActiveCfg = Release|Any CPU
		{F3EBEF9E-DDAE-4BAE-A598-019EC08B7E14}.Release|Any CPU.Build.0 = Release|Any CPU
		{E9DB0EE9-0513-442D-9CCA-CBAC8AF55151}.Debug|Any CPU.ActiveCfg = Debug|Any CPU
		{E9DB0EE9-0513-442D-9CCA-CBAC8AF55151}.Debug|Any CPU.Build.0 = Debug|Any CPU
		{E9DB0EE9-0513-442D-9CCA-CBAC8AF55151}.Release|Any CPU.ActiveCfg = Release|Any CPU
		{E9DB0EE9-0513-442D-9CCA-CBAC8AF55151}.Release|Any CPU.Build.0 = Release|Any CPU
		{C114B2F4-86DB-45F1-8FF3-6DFB1BDE1C3F}.Debug|Any CPU.ActiveCfg = Debug|Any CPU
		{C114B2F4-86DB-45F1-8FF3-6DFB1BDE1C3F}.Debug|Any CPU.Build.0 = Debug|Any CPU
		{C114B2F4-86DB-45F1-8FF3-6DFB1BDE1C3F}.Release|Any CPU.ActiveCfg = Release|Any CPU
		{C114B2F4-86DB-45F1-8FF3-6DFB1BDE1C3F}.Release|Any CPU.Build.0 = Release|Any CPU
		{F488A017-27BC-451A-B114-F6F68C2E067D}.Debug|Any CPU.ActiveCfg = Debug|Any CPU
		{F488A017-27BC-451A-B114-F6F68C2E067D}.Debug|Any CPU.Build.0 = Debug|Any CPU
		{F488A017-27BC-451A-B114-F6F68C2E067D}.Release|Any CPU.ActiveCfg = Release|Any CPU
		{F488A017-27BC-451A-B114-F6F68C2E067D}.Release|Any CPU.Build.0 = Release|Any CPU
		{90257944-969E-41DF-877E-E8DCA2C02CB3}.Debug|Any CPU.ActiveCfg = Debug|Any CPU
		{90257944-969E-41DF-877E-E8DCA2C02CB3}.Debug|Any CPU.Build.0 = Debug|Any CPU
		{90257944-969E-41DF-877E-E8DCA2C02CB3}.Release|Any CPU.ActiveCfg = Release|Any CPU
		{90257944-969E-41DF-877E-E8DCA2C02CB3}.Release|Any CPU.Build.0 = Release|Any CPU
		{31D26FD7-680E-4EF0-847F-E3275DA1F9B6}.Debug|Any CPU.ActiveCfg = Debug|Any CPU
		{31D26FD7-680E-4EF0-847F-E3275DA1F9B6}.Debug|Any CPU.Build.0 = Debug|Any CPU
		{31D26FD7-680E-4EF0-847F-E3275DA1F9B6}.Release|Any CPU.ActiveCfg = Release|Any CPU
		{31D26FD7-680E-4EF0-847F-E3275DA1F9B6}.Release|Any CPU.Build.0 = Release|Any CPU
		{ECAAE1F8-E650-44CB-9794-8F4125A61699}.Debug|Any CPU.ActiveCfg = Debug|Any CPU
		{ECAAE1F8-E650-44CB-9794-8F4125A61699}.Debug|Any CPU.Build.0 = Debug|Any CPU
		{ECAAE1F8-E650-44CB-9794-8F4125A61699}.Release|Any CPU.ActiveCfg = Release|Any CPU
		{ECAAE1F8-E650-44CB-9794-8F4125A61699}.Release|Any CPU.Build.0 = Release|Any CPU
		{4D346C66-18EE-4CFC-8958-93EF505451E1}.Debug|Any CPU.ActiveCfg = Debug|Any CPU
		{4D346C66-18EE-4CFC-8958-93EF505451E1}.Debug|Any CPU.Build.0 = Debug|Any CPU
		{4D346C66-18EE-4CFC-8958-93EF505451E1}.Release|Any CPU.ActiveCfg = Release|Any CPU
		{4D346C66-18EE-4CFC-8958-93EF505451E1}.Release|Any CPU.Build.0 = Release|Any CPU
		{D4530C18-C987-4B4F-9012-713A68006DF8}.Debug|Any CPU.ActiveCfg = Debug|Any CPU
		{D4530C18-C987-4B4F-9012-713A68006DF8}.Debug|Any CPU.Build.0 = Debug|Any CPU
		{D4530C18-C987-4B4F-9012-713A68006DF8}.Release|Any CPU.ActiveCfg = Release|Any CPU
		{D4530C18-C987-4B4F-9012-713A68006DF8}.Release|Any CPU.Build.0 = Release|Any CPU
		{21AADEF0-35D0-49D5-B455-F59C2E505AA0}.Debug|Any CPU.ActiveCfg = Debug|Any CPU
		{21AADEF0-35D0-49D5-B455-F59C2E505AA0}.Debug|Any CPU.Build.0 = Debug|Any CPU
		{21AADEF0-35D0-49D5-B455-F59C2E505AA0}.Release|Any CPU.ActiveCfg = Release|Any CPU
		{21AADEF0-35D0-49D5-B455-F59C2E505AA0}.Release|Any CPU.Build.0 = Release|Any CPU
		{44724474-3106-4141-844D-0BEA08996611}.Debug|Any CPU.ActiveCfg = Debug|Any CPU
		{44724474-3106-4141-844D-0BEA08996611}.Debug|Any CPU.Build.0 = Debug|Any CPU
		{44724474-3106-4141-844D-0BEA08996611}.Release|Any CPU.ActiveCfg = Release|Any CPU
		{44724474-3106-4141-844D-0BEA08996611}.Release|Any CPU.Build.0 = Release|Any CPU
		{5492AC5E-4DFD-4FFD-AB97-340AF81EDE3A}.Debug|Any CPU.ActiveCfg = Debug|Any CPU
		{5492AC5E-4DFD-4FFD-AB97-340AF81EDE3A}.Debug|Any CPU.Build.0 = Debug|Any CPU
		{5492AC5E-4DFD-4FFD-AB97-340AF81EDE3A}.Release|Any CPU.ActiveCfg = Release|Any CPU
		{5492AC5E-4DFD-4FFD-AB97-340AF81EDE3A}.Release|Any CPU.Build.0 = Release|Any CPU
	EndGlobalSection
	GlobalSection(SolutionProperties) = preSolution
		HideSolutionNode = FALSE
	EndGlobalSection
	GlobalSection(NestedProjects) = preSolution
		{432D59FC-DC01-4028-8F76-28288595F491} = {016DEB32-4B5B-498F-B67B-23A12969BD7D}
		{2E365105-A3CB-4D6E-8C8F-23CFC5BB4579} = {016DEB32-4B5B-498F-B67B-23A12969BD7D}
		{178D3781-49F3-4FCB-8E89-8E25FA3408B4} = {016DEB32-4B5B-498F-B67B-23A12969BD7D}
		{E88BD789-FB30-4CE4-A1A7-8CE295266EFF} = {F011C71A-6D57-4757-BB7A-A61A5F785DFA}
		{83F6A93B-A4C9-405E-8EF8-698E1A7D4B54} = {F011C71A-6D57-4757-BB7A-A61A5F785DFA}
		{8222D692-59CF-4E67-87FC-FF325FEE1BEB} = {F011C71A-6D57-4757-BB7A-A61A5F785DFA}
		{D71C3871-D6AA-4395-B70E-0623E61E1FB9} = {E237FB04-D7A8-491F-ACF3-0A1771570577}
		{4FA34BF8-59A5-48CC-9FB0-D1B00FDC654D} = {E237FB04-D7A8-491F-ACF3-0A1771570577}
		{B2E89022-D059-4468-A75D-C2948472CAA8} = {E237FB04-D7A8-491F-ACF3-0A1771570577}
		{165BAE84-18FD-406D-AC80-84A22B17225E} = {191B5384-D247-4B3E-817A-60CD07872CF1}
		{ACE7EBCA-60B6-4BC5-B98F-EDDC760936BB} = {191B5384-D247-4B3E-817A-60CD07872CF1}
		{DE247D1B-5778-46CE-A280-E04D26782E56} = {191B5384-D247-4B3E-817A-60CD07872CF1}
		{F3EBEF9E-DDAE-4BAE-A598-019EC08B7E14} = {6191740E-71A8-4C56-ACCE-6E3C48B010BE}
		{E9DB0EE9-0513-442D-9CCA-CBAC8AF55151} = {6191740E-71A8-4C56-ACCE-6E3C48B010BE}
		{C114B2F4-86DB-45F1-8FF3-6DFB1BDE1C3F} = {6191740E-71A8-4C56-ACCE-6E3C48B010BE}
		{F488A017-27BC-451A-B114-F6F68C2E067D} = {C6643853-4048-42F8-A717-C198647DC8FB}
		{90257944-969E-41DF-877E-E8DCA2C02CB3} = {C6643853-4048-42F8-A717-C198647DC8FB}
		{31D26FD7-680E-4EF0-847F-E3275DA1F9B6} = {C6643853-4048-42F8-A717-C198647DC8FB}
		{ECAAE1F8-E650-44CB-9794-8F4125A61699} = {1A382ED6-1065-47D5-90B8-3C68A3FAECAC}
		{4D346C66-18EE-4CFC-8958-93EF505451E1} = {1A382ED6-1065-47D5-90B8-3C68A3FAECAC}
		{D4530C18-C987-4B4F-9012-713A68006DF8} = {1A382ED6-1065-47D5-90B8-3C68A3FAECAC}
		{21AADEF0-35D0-49D5-B455-F59C2E505AA0} = {B987CCB1-1B72-429D-9357-E6ABFB7FB3A5}
		{44724474-3106-4141-844D-0BEA08996611} = {B987CCB1-1B72-429D-9357-E6ABFB7FB3A5}
		{5492AC5E-4DFD-4FFD-AB97-340AF81EDE3A} = {B987CCB1-1B72-429D-9357-E6ABFB7FB3A5}
	EndGlobalSection
	GlobalSection(ExtensibilityGlobals) = postSolution
		SolutionGuid = {E85790D7-8245-4498-831E-C4396DC43F9C}
	EndGlobalSection
EndGlobal
